// !$*UTF8*$!
{
	archiveVersion = 1;
	classes = {
	};
	objectVersion = 46;
	objects = {

/* Begin PBXBuildFile section */
		F21D0ECD1E165D1C0072086C /* AppDelegate.m in Sources */ = {isa = PBXBuildFile; fileRef = F21D0ECC1E165D1C0072086C /* AppDelegate.m */; };
		F21D0ED01E165D1C0072086C /* main.m in Sources */ = {isa = PBXBuildFile; fileRef = F21D0ECF1E165D1C0072086C /* main.m */; };
		F21D0ED31E165D1C0072086C /* ViewController.m in Sources */ = {isa = PBXBuildFile; fileRef = F21D0ED21E165D1C0072086C /* ViewController.m */; };
		F21D0ED51E165D1C0072086C /* Assets.xcassets in Resources */ = {isa = PBXBuildFile; fileRef = F21D0ED41E165D1C0072086C /* Assets.xcassets */; };
		F21D0ED81E165D1C0072086C /* Main.storyboard in Resources */ = {isa = PBXBuildFile; fileRef = F21D0ED61E165D1C0072086C /* Main.storyboard */; };
		F21D0EE11E1B7D5E0072086C /* MainWindowController.m in Sources */ = {isa = PBXBuildFile; fileRef = F21D0EE01E1B7D5E0072086C /* MainWindowController.m */; };
		F2A7DECD1E49760B00584CF6 /* CustomCellView.xib in Resources */ = {isa = PBXBuildFile; fileRef = F2A7DECC1E49760B00584CF6 /* CustomCellView.xib */; };
		F2A7DED41E49784300584CF6 /* CustomCellView.m in Sources */ = {isa = PBXBuildFile; fileRef = F2A7DED31E49784300584CF6 /* CustomCellView.m */; };
		F2A7DEDB1E49A94B00584CF6 /* delet@2x.png in Resources */ = {isa = PBXBuildFile; fileRef = F2A7DEDA1E49A94B00584CF6 /* delet@2x.png */; };
		F2A7DEDD1E4AEECE00584CF6 /* Icon@2x.png in Resources */ = {isa = PBXBuildFile; fileRef = F2A7DEDC1E4AEECE00584CF6 /* Icon@2x.png */; };
		F2FC93631E1FA279002C222D /* ClipDataModel.xcdatamodeld in Sources */ = {isa = PBXBuildFile; fileRef = F2FC93611E1FA279002C222D /* ClipDataModel.xcdatamodeld */; };
		F2FC93671E1FA3F1002C222D /* CoreData.framework in Frameworks */ = {isa = PBXBuildFile; fileRef = F2FC93661E1FA3F1002C222D /* CoreData.framework */; };
		F2FC93721E1FA67E002C222D /* ClipDataModel+CoreDataClass.m in Sources */ = {isa = PBXBuildFile; fileRef = F2FC936F1E1FA67E002C222D /* ClipDataModel+CoreDataClass.m */; };
		F2FC93731E1FA67E002C222D /* ClipDataModel+CoreDataProperties.m in Sources */ = {isa = PBXBuildFile; fileRef = F2FC93711E1FA67E002C222D /* ClipDataModel+CoreDataProperties.m */; };
/* End PBXBuildFile section */

/* Begin PBXFileReference section */
		F21D0EC81E165D1C0072086C /* ClipBoard.app */ = {isa = PBXFileReference; explicitFileType = wrapper.application; includeInIndex = 0; path = ClipBoard.app; sourceTree = BUILT_PRODUCTS_DIR; };
		F21D0ECB1E165D1C0072086C /* AppDelegate.h */ = {isa = PBXFileReference; lastKnownFileType = sourcecode.c.h; path = AppDelegate.h; sourceTree = "<group>"; };
		F21D0ECC1E165D1C0072086C /* AppDelegate.m */ = {isa = PBXFileReference; lastKnownFileType = sourcecode.c.objc; path = AppDelegate.m; sourceTree = "<group>"; };
		F21D0ECF1E165D1C0072086C /* main.m */ = {isa = PBXFileReference; lastKnownFileType = sourcecode.c.objc; path = main.m; sourceTree = "<group>"; };
		F21D0ED11E165D1C0072086C /* ViewController.h */ = {isa = PBXFileReference; lastKnownFileType = sourcecode.c.h; path = ViewController.h; sourceTree = "<group>"; };
		F21D0ED21E165D1C0072086C /* ViewController.m */ = {isa = PBXFileReference; lastKnownFileType = sourcecode.c.objc; path = ViewController.m; sourceTree = "<group>"; };
		F21D0ED41E165D1C0072086C /* Assets.xcassets */ = {isa = PBXFileReference; lastKnownFileType = folder.assetcatalog; path = Assets.xcassets; sourceTree = "<group>"; };
		F21D0ED71E165D1C0072086C /* Base */ = {isa = PBXFileReference; lastKnownFileType = file.storyboard; name = Base; path = Base.lproj/Main.storyboard; sourceTree = "<group>"; };
		F21D0ED91E165D1C0072086C /* Info.plist */ = {isa = PBXFileReference; lastKnownFileType = text.plist.xml; path = Info.plist; sourceTree = "<group>"; };
		F21D0EDF1E1B7D5E0072086C /* MainWindowController.h */ = {isa = PBXFileReference; fileEncoding = 4; lastKnownFileType = sourcecode.c.h; path = MainWindowController.h; sourceTree = "<group>"; };
		F21D0EE01E1B7D5E0072086C /* MainWindowController.m */ = {isa = PBXFileReference; fileEncoding = 4; lastKnownFileType = sourcecode.c.objc; path = MainWindowController.m; sourceTree = "<group>"; };
		F2A7DECC1E49760B00584CF6 /* CustomCellView.xib */ = {isa = PBXFileReference; fileEncoding = 4; lastKnownFileType = file.xib; path = CustomCellView.xib; sourceTree = "<group>"; };
		F2A7DED21E49784300584CF6 /* CustomCellView.h */ = {isa = PBXFileReference; fileEncoding = 4; lastKnownFileType = sourcecode.c.h; path = CustomCellView.h; sourceTree = "<group>"; };
		F2A7DED31E49784300584CF6 /* CustomCellView.m */ = {isa = PBXFileReference; fileEncoding = 4; lastKnownFileType = sourcecode.c.objc; path = CustomCellView.m; sourceTree = "<group>"; };
		F2A7DEDA1E49A94B00584CF6 /* delet@2x.png */ = {isa = PBXFileReference; lastKnownFileType = image.png; path = "delet@2x.png"; sourceTree = "<group>"; };
		F2A7DEDC1E4AEECE00584CF6 /* Icon@2x.png */ = {isa = PBXFileReference; lastKnownFileType = image.png; path = "Icon@2x.png"; sourceTree = "<group>"; };
		F2FC93621E1FA279002C222D /* ClipDataModel.xcdatamodel */ = {isa = PBXFileReference; lastKnownFileType = wrapper.xcdatamodel; path = ClipDataModel.xcdatamodel; sourceTree = "<group>"; };
		F2FC93641E1FA2E9002C222D /* ClipBoard.entitlements */ = {isa = PBXFileReference; lastKnownFileType = text.plist.entitlements; path = ClipBoard.entitlements; sourceTree = "<group>"; };
		F2FC93661E1FA3F1002C222D /* CoreData.framework */ = {isa = PBXFileReference; lastKnownFileType = wrapper.framework; name = CoreData.framework; path = System/Library/Frameworks/CoreData.framework; sourceTree = SDKROOT; };
		F2FC936E1E1FA67E002C222D /* ClipDataModel+CoreDataClass.h */ = {isa = PBXFileReference; fileEncoding = 4; lastKnownFileType = sourcecode.c.h; path = "ClipDataModel+CoreDataClass.h"; sourceTree = "<group>"; };
		F2FC936F1E1FA67E002C222D /* ClipDataModel+CoreDataClass.m */ = {isa = PBXFileReference; fileEncoding = 4; lastKnownFileType = sourcecode.c.objc; path = "ClipDataModel+CoreDataClass.m"; sourceTree = "<group>"; };
		F2FC93701E1FA67E002C222D /* ClipDataModel+CoreDataProperties.h */ = {isa = PBXFileReference; fileEncoding = 4; lastKnownFileType = sourcecode.c.h; path = "ClipDataModel+CoreDataProperties.h"; sourceTree = "<group>"; };
		F2FC93711E1FA67E002C222D /* ClipDataModel+CoreDataProperties.m */ = {isa = PBXFileReference; fileEncoding = 4; lastKnownFileType = sourcecode.c.objc; path = "ClipDataModel+CoreDataProperties.m"; sourceTree = "<group>"; };
/* End PBXFileReference section */

/* Begin PBXFrameworksBuildPhase section */
		F21D0EC51E165D1C0072086C /* Frameworks */ = {
			isa = PBXFrameworksBuildPhase;
			buildActionMask = 2147483647;
			files = (
				F2FC93671E1FA3F1002C222D /* CoreData.framework in Frameworks */,
			);
			runOnlyForDeploymentPostprocessing = 0;
		};
/* End PBXFrameworksBuildPhase section */

/* Begin PBXGroup section */
		F21D0EBF1E165D1C0072086C = {
			isa = PBXGroup;
			children = (
				F2FC936E1E1FA67E002C222D /* ClipDataModel+CoreDataClass.h */,
				F2FC936F1E1FA67E002C222D /* ClipDataModel+CoreDataClass.m */,
				F2FC93701E1FA67E002C222D /* ClipDataModel+CoreDataProperties.h */,
				F2FC93711E1FA67E002C222D /* ClipDataModel+CoreDataProperties.m */,
				F2FC93611E1FA279002C222D /* ClipDataModel.xcdatamodeld */,
				F21D0ECA1E165D1C0072086C /* ClipBoard */,
				F21D0EC91E165D1C0072086C /* Products */,
				F2FC93651E1FA3F1002C222D /* Frameworks */,
			);
			sourceTree = "<group>";
		};
		F21D0EC91E165D1C0072086C /* Products */ = {
			isa = PBXGroup;
			children = (
				F21D0EC81E165D1C0072086C /* ClipBoard.app */,
			);
			name = Products;
			sourceTree = "<group>";
		};
		F21D0ECA1E165D1C0072086C /* ClipBoard */ = {
			isa = PBXGroup;
			children = (
				F2FC93641E1FA2E9002C222D /* ClipBoard.entitlements */,
				F21D0ECB1E165D1C0072086C /* AppDelegate.h */,
				F21D0ECC1E165D1C0072086C /* AppDelegate.m */,
				F21D0EDF1E1B7D5E0072086C /* MainWindowController.h */,
				F21D0EE01E1B7D5E0072086C /* MainWindowController.m */,
				F21D0ED11E165D1C0072086C /* ViewController.h */,
				F21D0ED21E165D1C0072086C /* ViewController.m */,
				F2A7DED21E49784300584CF6 /* CustomCellView.h */,
				F2A7DED31E49784300584CF6 /* CustomCellView.m */,
				F2A7DECC1E49760B00584CF6 /* CustomCellView.xib */,
				F21D0ED41E165D1C0072086C /* Assets.xcassets */,
				F21D0ED61E165D1C0072086C /* Main.storyboard */,
				F21D0ED91E165D1C0072086C /* Info.plist */,
				F21D0ECE1E165D1C0072086C /* Supporting Files */,
			);
			path = ClipBoard;
			sourceTree = "<group>";
		};
		F21D0ECE1E165D1C0072086C /* Supporting Files */ = {
			isa = PBXGroup;
			children = (
				F2A7DEDA1E49A94B00584CF6 /* delet@2x.png */,
				F2A7DEDC1E4AEECE00584CF6 /* Icon@2x.png */,
				F21D0ECF1E165D1C0072086C /* main.m */,
			);
			name = "Supporting Files";
			sourceTree = "<group>";
		};
		F2FC93651E1FA3F1002C222D /* Frameworks */ = {
			isa = PBXGroup;
			children = (
				F2FC93661E1FA3F1002C222D /* CoreData.framework */,
			);
			name = Frameworks;
			sourceTree = "<group>";
		};
/* End PBXGroup section */

/* Begin PBXNativeTarget section */
		F21D0EC71E165D1C0072086C /* ClipBoard */ = {
			isa = PBXNativeTarget;
			buildConfigurationList = F21D0EDC1E165D1C0072086C /* Build configuration list for PBXNativeTarget "ClipBoard" */;
			buildPhases = (
				F21D0EC41E165D1C0072086C /* Sources */,
				F21D0EC51E165D1C0072086C /* Frameworks */,
				F21D0EC61E165D1C0072086C /* Resources */,
			);
			buildRules = (
			);
			dependencies = (
			);
			name = ClipBoard;
			productName = ClipBoard;
			productReference = F21D0EC81E165D1C0072086C /* ClipBoard.app */;
			productType = "com.apple.product-type.application";
		};
/* End PBXNativeTarget section */

/* Begin PBXProject section */
		F21D0EC01E165D1C0072086C /* Project object */ = {
			isa = PBXProject;
			attributes = {
				LastUpgradeCheck = 0800;
				ORGANIZATIONNAME = xqzh;
				TargetAttributes = {
					F21D0EC71E165D1C0072086C = {
						CreatedOnToolsVersion = 8.0;
						DevelopmentTeam = 22X7C4G62Z;
						ProvisioningStyle = Automatic;
						SystemCapabilities = {
							com.apple.Sandbox = {
								enabled = 0;
							};
							com.apple.iCloud = {
								enabled = 0;
							};
						};
					};
				};
			};
			buildConfigurationList = F21D0EC31E165D1C0072086C /* Build configuration list for PBXProject "ClipBoard" */;
			compatibilityVersion = "Xcode 3.2";
			developmentRegion = English;
			hasScannedForEncodings = 0;
			knownRegions = (
				en,
				Base,
			);
			mainGroup = F21D0EBF1E165D1C0072086C;
			productRefGroup = F21D0EC91E165D1C0072086C /* Products */;
			projectDirPath = "";
			projectRoot = "";
			targets = (
				F21D0EC71E165D1C0072086C /* ClipBoard */,
			);
		};
/* End PBXProject section */

/* Begin PBXResourcesBuildPhase section */
		F21D0EC61E165D1C0072086C /* Resources */ = {
			isa = PBXResourcesBuildPhase;
			buildActionMask = 2147483647;
			files = (
				F2A7DEDB1E49A94B00584CF6 /* delet@2x.png in Resources */,
				F21D0ED51E165D1C0072086C /* Assets.xcassets in Resources */,
				F21D0ED81E165D1C0072086C /* Main.storyboard in Resources */,
				F2A7DECD1E49760B00584CF6 /* CustomCellView.xib in Resources */,
				F2A7DEDD1E4AEECE00584CF6 /* Icon@2x.png in Resources */,
			);
			runOnlyForDeploymentPostprocessing = 0;
		};
/* End PBXResourcesBuildPhase section */

/* Begin PBXSourcesBuildPhase section */
		F21D0EC41E165D1C0072086C /* Sources */ = {
			isa = PBXSourcesBuildPhase;
			buildActionMask = 2147483647;
			files = (
				F2FC93731E1FA67E002C222D /* ClipDataModel+CoreDataProperties.m in Sources */,
				F2A7DED41E49784300584CF6 /* CustomCellView.m in Sources */,
				F21D0EE11E1B7D5E0072086C /* MainWindowController.m in Sources */,
				F21D0ED31E165D1C0072086C /* ViewController.m in Sources */,
				F21D0ED01E165D1C0072086C /* main.m in Sources */,
				F21D0ECD1E165D1C0072086C /* AppDelegate.m in Sources */,
				F2FC93631E1FA279002C222D /* ClipDataModel.xcdatamodeld in Sources */,
				F2FC93721E1FA67E002C222D /* ClipDataModel+CoreDataClass.m in Sources */,
			);
			runOnlyForDeploymentPostprocessing = 0;
		};
/* End PBXSourcesBuildPhase section */

/* Begin PBXVariantGroup section */
		F21D0ED61E165D1C0072086C /* Main.storyboard */ = {
			isa = PBXVariantGroup;
			children = (
				F21D0ED71E165D1C0072086C /* Base */,
			);
			name = Main.storyboard;
			sourceTree = "<group>";
		};
/* End PBXVariantGroup section */

/* Begin XCBuildConfiguration section */
		F21D0EDA1E165D1C0072086C /* Debug */ = {
			isa = XCBuildConfiguration;
			buildSettings = {
				ALWAYS_SEARCH_USER_PATHS = NO;
				CLANG_ANALYZER_NONNULL = YES;
				CLANG_CXX_LANGUAGE_STANDARD = "gnu++0x";
				CLANG_CXX_LIBRARY = "libc++";
				CLANG_ENABLE_MODULES = YES;
				CLANG_ENABLE_OBJC_ARC = YES;
				CLANG_WARN_BOOL_CONVERSION = YES;
				CLANG_WARN_CONSTANT_CONVERSION = YES;
				CLANG_WARN_DIRECT_OBJC_ISA_USAGE = YES_ERROR;
				CLANG_WARN_DOCUMENTATION_COMMENTS = YES;
				CLANG_WARN_EMPTY_BODY = YES;
				CLANG_WARN_ENUM_CONVERSION = YES;
				CLANG_WARN_INFINITE_RECURSION = YES;
				CLANG_WARN_INT_CONVERSION = YES;
				CLANG_WARN_OBJC_ROOT_CLASS = YES_ERROR;
				CLANG_WARN_SUSPICIOUS_MOVES = YES;
				CLANG_WARN_UNREACHABLE_CODE = YES;
				CLANG_WARN__DUPLICATE_METHOD_MATCH = YES;
				CODE_SIGN_IDENTITY = "-";
				COPY_PHASE_STRIP = NO;
				DEBUG_INFORMATION_FORMAT = dwarf;
				ENABLE_STRICT_OBJC_MSGSEND = YES;
				ENABLE_TESTABILITY = YES;
				GCC_C_LANGUAGE_STANDARD = gnu99;
				GCC_DYNAMIC_NO_PIC = NO;
				GCC_NO_COMMON_BLOCKS = YES;
				GCC_OPTIMIZATION_LEVEL = 0;
				GCC_PREPROCESSOR_DEFINITIONS = (
					"DEBUG=1",
					"$(inherited)",
				);
				GCC_WARN_64_TO_32_BIT_CONVERSION = YES;
				GCC_WARN_ABOUT_RETURN_TYPE = YES_ERROR;
				GCC_WARN_UNDECLARED_SELECTOR = YES;
				GCC_WARN_UNINITIALIZED_AUTOS = YES_AGGRESSIVE;
				GCC_WARN_UNUSED_FUNCTION = YES;
				GCC_WARN_UNUSED_VARIABLE = YES;
				MACOSX_DEPLOYMENT_TARGET = 10.11;
				MTL_ENABLE_DEBUG_INFO = YES;
				ONLY_ACTIVE_ARCH = YES;
				SDKROOT = macosx;
			};
			name = Debug;
		};
		F21D0EDB1E165D1C0072086C /* Release */ = {
			isa = XCBuildConfiguration;
			buildSettings = {
				ALWAYS_SEARCH_USER_PATHS = NO;
				CLANG_ANALYZER_NONNULL = YES;
				CLANG_CXX_LANGUAGE_STANDARD = "gnu++0x";
				CLANG_CXX_LIBRARY = "libc++";
				CLANG_ENABLE_MODULES = YES;
				CLANG_ENABLE_OBJC_ARC = YES;
				CLANG_WARN_BOOL_CONVERSION = YES;
				CLANG_WARN_CONSTANT_CONVERSION = YES;
				CLANG_WARN_DIRECT_OBJC_ISA_USAGE = YES_ERROR;
				CLANG_WARN_DOCUMENTATION_COMMENTS = YES;
				CLANG_WARN_EMPTY_BODY = YES;
				CLANG_WARN_ENUM_CONVERSION = YES;
				CLANG_WARN_INFINITE_RECURSION = YES;
				CLANG_WARN_INT_CONVERSION = YES;
				CLANG_WARN_OBJC_ROOT_CLASS = YES_ERROR;
				CLANG_WARN_SUSPICIOUS_MOVES = YES;
				CLANG_WARN_UNREACHABLE_CODE = YES;
				CLANG_WARN__DUPLICATE_METHOD_MATCH = YES;
				CODE_SIGN_IDENTITY = "-";
				COPY_PHASE_STRIP = NO;
				DEBUG_INFORMATION_FORMAT = "dwarf-with-dsym";
				ENABLE_NS_ASSERTIONS = NO;
				ENABLE_STRICT_OBJC_MSGSEND = YES;
				GCC_C_LANGUAGE_STANDARD = gnu99;
				GCC_NO_COMMON_BLOCKS = YES;
				GCC_WARN_64_TO_32_BIT_CONVERSION = YES;
				GCC_WARN_ABOUT_RETURN_TYPE = YES_ERROR;
				GCC_WARN_UNDECLARED_SELECTOR = YES;
				GCC_WARN_UNINITIALIZED_AUTOS = YES_AGGRESSIVE;
				GCC_WARN_UNUSED_FUNCTION = YES;
				GCC_WARN_UNUSED_VARIABLE = YES;
				MACOSX_DEPLOYMENT_TARGET = 10.11;
				MTL_ENABLE_DEBUG_INFO = NO;
				SDKROOT = macosx;
			};
			name = Release;
		};
		F21D0EDD1E165D1C0072086C /* Debug */ = {
			isa = XCBuildConfiguration;
			buildSettings = {
				ASSETCATALOG_COMPILER_APPICON_NAME = AppIcon;
				CODE_SIGN_ENTITLEMENTS = ClipBoard/ClipBoard.entitlements;
				CODE_SIGN_IDENTITY = "Mac Developer";
				COMBINE_HIDPI_IMAGES = YES;
				DEVELOPMENT_TEAM = 22X7C4G62Z;
				INFOPLIST_FILE = ClipBoard/Info.plist;
				LD_RUNPATH_SEARCH_PATHS = "$(inherited) @executable_path/../Frameworks";
				PRODUCT_BUNDLE_IDENTIFIER = com.zxq.ClipBoard1;
				PRODUCT_NAME = "$(TARGET_NAME)";
			};
			name = Debug;
		};
		F21D0EDE1E165D1C0072086C /* Release */ = {
			isa = XCBuildConfiguration;
			buildSettings = {
				ASSETCATALOG_COMPILER_APPICON_NAME = AppIcon;
				CODE_SIGN_ENTITLEMENTS = ClipBoard/ClipBoard.entitlements;
				CODE_SIGN_IDENTITY = "Mac Developer";
				COMBINE_HIDPI_IMAGES = YES;
				DEVELOPMENT_TEAM = 22X7C4G62Z;
				INFOPLIST_FILE = ClipBoard/Info.plist;
				LD_RUNPATH_SEARCH_PATHS = "$(inherited) @executable_path/../Frameworks";
				PRODUCT_BUNDLE_IDENTIFIER = com.zxq.ClipBoard1;
				PRODUCT_NAME = "$(TARGET_NAME)";
			};
			name = Release;
		};
/* End XCBuildConfiguration section */

/* Begin XCConfigurationList section */
		F21D0EC31E165D1C0072086C /* Build configuration list for PBXProject "ClipBoard" */ = {
			isa = XCConfigurationList;
			buildConfigurations = (
				F21D0EDA1E165D1C0072086C /* Debug */,
				F21D0EDB1E165D1C0072086C /* Release */,
			);
			defaultConfigurationIsVisible = 0;
			defaultConfigurationName = Release;
		};
		F21D0EDC1E165D1C0072086C /* Build configuration list for PBXNativeTarget "ClipBoard" */ = {
			isa = XCConfigurationList;
			buildConfigurations = (
				F21D0EDD1E165D1C0072086C /* Debug */,
				F21D0EDE1E165D1C0072086C /* Release */,
			);
			defaultConfigurationIsVisible = 0;
			defaultConfigurationName = Release;
		};
/* End XCConfigurationList section */

/* Begin XCVersionGroup section */
		F2FC93611E1FA279002C222D /* ClipDataModel.xcdatamodeld */ = {
			isa = XCVersionGroup;
			children = (
				F2FC93621E1FA279002C222D /* ClipDataModel.xcdatamodel */,
			);
			currentVersion = F2FC93621E1FA279002C222D /* ClipDataModel.xcdatamodel */;
			path = ClipDataModel.xcdatamodeld;
			sourceTree = "<group>";
			versionGroupType = wrapper.xcdatamodel;
		};
/* End XCVersionGroup section */
	};
	rootObject = F21D0EC01E165D1C0072086C /* Project object */;
}
